
Microsoft Visual Studio Solution File, Format Version 12.00
# Visual Studio Version 16
VisualStudioVersion = 16.0.32602.291
MinimumVisualStudioVersion = 10.0.40219.1
Project("{FAE04EC0-301F-11D3-BF4B-00C04F79EFBC}") = "API", "API\API.csproj", "{C280F544-48C3-474B-BBA1-87526227FB54}"
EndProject
Project("{FAE04EC0-301F-11D3-BF4B-00C04F79EFBC}") = "Business", "Business\Business.csproj", "{1813A532-C426-4B5A-8E20-A57F8E9E5F87}"
EndProject
Project("{FAE04EC0-301F-11D3-BF4B-00C04F79EFBC}") = "Core", "Core\Core.csproj", "{8CC8EFFC-5C60-42A3-B3A8-BD49AF6A7BF4}"
EndProject
Project("{FAE04EC0-301F-11D3-BF4B-00C04F79EFBC}") = "DataAccess", "DataAccess\DataAccess.csproj", "{81B402C7-5928-4E3C-9989-F375933D92E2}"
EndProject
Project("{FAE04EC0-301F-11D3-BF4B-00C04F79EFBC}") = "Entities", "Entities\Entities.csproj", "{9877D713-69C6-4EFF-8B8C-92B07DB849E3}"
EndProject
Global
	GlobalSection(SolutionConfigurationPlatforms) = preSolution
		Debug|Any CPU = Debug|Any CPU
		Release|Any CPU = Release|Any CPU
	EndGlobalSection
	GlobalSection(ProjectConfigurationPlatforms) = postSolution
		{C280F544-48C3-474B-BBA1-87526227FB54}.Debug|Any CPU.ActiveCfg = Debug|Any CPU
		{C280F544-48C3-474B-BBA1-87526227FB54}.Debug|Any CPU.Build.0 = Debug|Any CPU
		{C280F544-48C3-474B-BBA1-87526227FB54}.Release|Any CPU.ActiveCfg = Release|Any CPU
		{C280F544-48C3-474B-BBA1-87526227FB54}.Release|Any CPU.Build.0 = Release|Any CPU
		{1813A532-C426-4B5A-8E20-A57F8E9E5F87}.Debug|Any CPU.ActiveCfg = Debug|Any CPU
		{1813A532-C426-4B5A-8E20-A57F8E9E5F87}.Debug|Any CPU.Build.0 = Debug|Any CPU
		{1813A532-C426-4B5A-8E20-A57F8E9E5F87}.Release|Any CPU.ActiveCfg = Release|Any CPU
		{1813A532-C426-4B5A-8E20-A57F8E9E5F87}.Release|Any CPU.Build.0 = Release|Any CPU
		{8CC8EFFC-5C60-42A3-B3A8-BD49AF6A7BF4}.Debug|Any CPU.ActiveCfg = Debug|Any CPU
		{8CC8EFFC-5C60-42A3-B3A8-BD49AF6A7BF4}.Debug|Any CPU.Build.0 = Debug|Any CPU
		{8CC8EFFC-5C60-42A3-B3A8-BD49AF6A7BF4}.Release|Any CPU.ActiveCfg = Release|Any CPU
		{8CC8EFFC-5C60-42A3-B3A8-BD49AF6A7BF4}.Release|Any CPU.Build.0 = Release|Any CPU
		{81B402C7-5928-4E3C-9989-F375933D92E2}.Debug|Any CPU.ActiveCfg = Debug|Any CPU
		{81B402C7-5928-4E3C-9989-F375933D92E2}.Debug|Any CPU.Build.0 = Debug|Any CPU
		{81B402C7-5928-4E3C-9989-F375933D92E2}.Release|Any CPU.ActiveCfg = Release|Any CPU
		{81B402C7-5928-4E3C-9989-F375933D92E2}.Release|Any CPU.Build.0 = Release|Any CPU
		{9877D713-69C6-4EFF-8B8C-92B07DB849E3}.Debug|Any CPU.ActiveCfg = Debug|Any CPU
		{9877D713-69C6-4EFF-8B8C-92B07DB849E3}.Debug|Any CPU.Build.0 = Debug|Any CPU
		{9877D713-69C6-4EFF-8B8C-92B07DB849E3}.Release|Any CPU.ActiveCfg = Release|Any CPU
		{9877D713-69C6-4EFF-8B8C-92B07DB849E3}.Release|Any CPU.Build.0 = Release|Any CPU
	EndGlobalSection
	GlobalSection(SolutionProperties) = preSolution
		HideSolutionNode = FALSE
	EndGlobalSection
	GlobalSection(ExtensibilityGlobals) = postSolution
		SolutionGuid = {A4B6929B-1534-4BA9-8E02-E2E593FBC8B2}
	EndGlobalSection
EndGlobal
